PODS:
  - AnyImageKit (0.14.6):
    - AnyImageKit/Capture (= 0.14.6)
    - AnyImageKit/Core (= 0.14.6)
    - AnyImageKit/Editor (= 0.14.6)
    - AnyImageKit/Picker (= 0.14.6)
  - AnyImageKit/Capture (0.14.6):
    - AnyImageKit/Core
  - AnyImageKit/Core (0.14.6):
    - Kingfisher
    - SnapKit
  - AnyImageKit/Editor (0.14.6):
    - AnyImageKit/Core
  - AnyImageKit/Picker (0.14.6):
    - AnyImageKit/Core
  - DYFCodeScanner (1.0.2)
  - HandyJSON (5.0.2)
  - JTCalendar (2.2.6)
  - Kingfisher (7.3.2)
  - LookinServer (1.0.6)
  - pop (1.0.11)
  - RxCocoa (6.5.0):
    - RxRelay (= 6.5.0)
    - RxSwift (= 6.5.0)
  - RxRelay (6.5.0):
    - RxSwift (= 6.5.0)
  - RxSwift (6.5.0)
  - SDWebImage (5.13.4):
    - SDWebImage/Core (= 5.13.4)
  - SDWebImage/Core (5.13.4)
  - SGQRCode (4.1.0)
  - SnapKit (5.6.0)
  - SwiftLint (0.49.1)
  - Toaster (2.3.0)

DEPENDENCIES:
  - AnyImageKit
  - DYFCodeScanner
  - HandyJSON
  - JTCalendar
  - Kingfisher
  - LookinServer
  - pop (from `https://github.com/facebook/pop.git`)
  - RxCocoa
  - RxSwift
  - SDWebImage
  - SGQRCode
  - SwiftLint
  - Toaster

SPEC REPOS:
  trunk:
    - AnyImageKit
    - DYFCodeScanner
    - HandyJSON
    - JTCalendar
    - Kingfisher
    - LookinServer
    - RxCocoa
    - RxRelay
    - RxSwift
    - SDWebImage
    - SGQRCode
    - SnapKit
    - SwiftLint
    - Toaster

EXTERNAL SOURCES:
  pop:
    :git: https://github.com/facebook/pop.git

CHECKOUT OPTIONS:
  pop:
    :commit: 87d1f8b74cdaa4699d7a9f6be1ff5202014c581f
    :git: https://github.com/facebook/pop.git

SPEC CHECKSUMS:
  AnyImageKit: 3629639a49027e4cb861f48c60aa77fa6a529478
  DYFCodeScanner: aa2fc349b8b9034889a6407a5fc0545e53752cee
  HandyJSON: 9e4e236f5d2dbefad5155a77417bbea438201c03
  JTCalendar: 1b326e0d59dd1855b52c5f3feb059d2ff953805d
  Kingfisher: 0086ad83719761ba9b2cdaf6ef4d5b4878cbae23
  LookinServer: 18155b1e4a08213c236a1dd6b7ca52328a70a1e3
  pop: ae3ae187018759968252242e175c21f7f9be5dd2
  RxCocoa: 94f817b71c07517321eb4f9ad299112ca8af743b
  RxRelay: 1de1523e604c72b6c68feadedd1af3b1b4d0ecbd
  RxSwift: 5710a9e6b17f3c3d6e40d6e559b9fa1e813b2ef8
  SDWebImage: e5cc87bf736e60f49592f307bdf9e157189298a3
  SGQRCode: 6ad664d63f38f2842503bc5087812c5a3136d924
  SnapKit: e01d52ebb8ddbc333eefe2132acf85c8227d9c25
  SwiftLint: 32ee33ded0636d0905ef6911b2b67bbaeeedafa5
  Toaster: c3473963c78e8cabbf6ea6f11ad0fdaae6f54987

PODFILE CHECKSUM: 0f5deba1dfc04de34a407c180856ee16fb533546

COCOAPODS: 1.11.3
