{
  "pins" : [
    {
      "identity" : "jjcarouselview",
      "kind" : "remoteSourceControl",
      "location" : "https://github.com/azq1234/JJCarouselView.git",
      "state" : {
        "revision" : "cabe2d04fd3aedebf81ddfddd4e021532386dbfa",
        "version" : "1.0.0"
      }
    }
  ],
  "version" : 2
}
